
Microsoft Visual Studio Solution File, Format Version 12.00
# Visual Studio Version 16
VisualStudioVersion = 16.0.31729.503
MinimumVisualStudioVersion = 10.0.40219.1
Project("{888888A0-9F3D-457C-B088-3A5042F75D52}") = "Lab2", "Lab2\Lab2.pyproj", "{867EF2C3-874F-4EAA-AE8C-89147858921A}"
EndProject
Global
	GlobalSection(SolutionConfigurationPlatforms) = preSolution
		Debug|Any CPU = Debug|Any CPU
		Release|Any CPU = Release|Any CPU
	EndGlobalSection
	GlobalSection(ProjectConfigurationPlatforms) = postSolution
		{867EF2C3-874F-4EAA-AE8C-89147858921A}.Debug|Any CPU.ActiveCfg = Debug|Any CPU
		{867EF2C3-874F-4EAA-AE8C-89147858921A}.Release|Any CPU.ActiveCfg = Release|Any CPU
	EndGlobalSection
	GlobalSection(SolutionProperties) = preSolution
		HideSolutionNode = FALSE
	EndGlobalSection
	GlobalSection(ExtensibilityGlobals) = postSolution
		SolutionGuid = {F24F1086-4501-4855-BD6A-B4E124FC7E0C}
	EndGlobalSection
EndGlobal
